// !$*UTF8*$!
{
	archiveVersion = 1;
	classes = {
	};
	objectVersion = 60;
	objects = {

/* Begin PBXBuildFile section */
		8E6F2AE22B9B3A5600E8F027 /* MonsterView.swift in Sources */ = {isa = PBXBuildFile; fileRef = 8E6F2AE12B9B3A5500E8F027 /* MonsterView.swift */; };
		8EC9B2B42B5557C100487461 /* _01TimesSelectView.swift in Sources */ = {isa = PBXBuildFile; fileRef = 8EC9B2B32B5557C100487461 /* _01TimesSelectView.swift */; };
		8EC9B2B52B555C0200487461 /* b2dData.json in Resources */ = {isa = PBXBuildFile; fileRef = 8ED4923D2B55253800234453 /* b2dData.json */; };
		8ED492122B53DA1D00234453 /* RealityKitContent in Frameworks */ = {isa = PBXBuildFile; productRef = 8ED492112B53DA1D00234453 /* RealityKitContent */; };
		8ED492142B53DA1D00234453 /* B2DApp.swift in Sources */ = {isa = PBXBuildFile; fileRef = 8ED492132B53DA1D00234453 /* B2DApp.swift */; };
		8ED4921A2B53DA1E00234453 /* Assets.xcassets in Resources */ = {isa = PBXBuildFile; fileRef = 8ED492192B53DA1E00234453 /* Assets.xcassets */; };
		8ED4921D2B53DA1E00234453 /* Preview Assets.xcassets in Resources */ = {isa = PBXBuildFile; fileRef = 8ED4921C2B53DA1E00234453 /* Preview Assets.xcassets */; };
		8ED492282B53DA1E00234453 /* B2DTests.swift in Sources */ = {isa = PBXBuildFile; fileRef = 8ED492272B53DA1E00234453 /* B2DTests.swift */; };
		8ED492362B55120C00234453 /* ModelData.swift in Sources */ = {isa = PBXBuildFile; fileRef = 8ED492352B55120C00234453 /* ModelData.swift */; };
		8ED492382B55132E00234453 /* Creature.swift in Sources */ = {isa = PBXBuildFile; fileRef = 8ED492372B55132E00234453 /* Creature.swift */; };
		8ED4923A2B5513FC00234453 /* CreatureList.swift in Sources */ = {isa = PBXBuildFile; fileRef = 8ED492392B5513FC00234453 /* CreatureList.swift */; };
		8ED4923C2B55177A00234453 /* _02CreatureListView.swift in Sources */ = {isa = PBXBuildFile; fileRef = 8ED4923B2B55177A00234453 /* _02CreatureListView.swift */; };
		FA18334C2B64F2C3009FDA30 /* AnimationTest.swift in Sources */ = {isa = PBXBuildFile; fileRef = FA18334B2B64F2C3009FDA30 /* AnimationTest.swift */; };
		FA1833542B655B96009FDA30 /* ModelView.swift in Sources */ = {isa = PBXBuildFile; fileRef = FA1833532B655B96009FDA30 /* ModelView.swift */; };
		FA1833582B656014009FDA30 /* Button.swift in Sources */ = {isa = PBXBuildFile; fileRef = FA1833572B656014009FDA30 /* Button.swift */; };
		FA5F211E2B5FF1AA00209FC9 /* shader.metal in Sources */ = {isa = PBXBuildFile; fileRef = FA5F211D2B5FF1AA00209FC9 /* shader.metal */; };
		FA5F21202B6001AF00209FC9 /* AnimatedBackground.swift in Sources */ = {isa = PBXBuildFile; fileRef = FA5F211F2B6001AF00209FC9 /* AnimatedBackground.swift */; };
		FAD0C4A62B67729C0052502C /* ViewModel.swift in Sources */ = {isa = PBXBuildFile; fileRef = FAD0C4A52B67729C0052502C /* ViewModel.swift */; };
		FAD0C4A92B6773140052502C /* MonsterEntity.swift in Sources */ = {isa = PBXBuildFile; fileRef = FAD0C4A82B6773140052502C /* MonsterEntity.swift */; };
		FAD0C4AD2B6775460052502C /* Entity+Configuration.swift in Sources */ = {isa = PBXBuildFile; fileRef = FAD0C4AC2B6775460052502C /* Entity+Configuration.swift */; };
		FAD0C4B62B677D7D0052502C /* MonsterControls.swift in Sources */ = {isa = PBXBuildFile; fileRef = FAD0C4B52B677D7D0052502C /* MonsterControls.swift */; };
		FAD0C4B92B677F1A0052502C /* Shadow.swift in Sources */ = {isa = PBXBuildFile; fileRef = FAD0C4B82B677F1A0052502C /* Shadow.swift */; };
		FAD0C4BB2B6784970052502C /* Monster.swift in Sources */ = {isa = PBXBuildFile; fileRef = FAD0C4BA2B6784970052502C /* Monster.swift */; };
		FAD0C4C32B67A5DF0052502C /* Modules.swift in Sources */ = {isa = PBXBuildFile; fileRef = FAD0C4C22B67A5DF0052502C /* Modules.swift */; };
		FAD0C4C52B67A6040052502C /* TableOfContents.swift in Sources */ = {isa = PBXBuildFile; fileRef = FAD0C4C42B67A6040052502C /* TableOfContents.swift */; };
		FAD0C4C82B67A6470052502C /* ModuleDetail.swift in Sources */ = {isa = PBXBuildFile; fileRef = FAD0C4C62B67A6470052502C /* ModuleDetail.swift */; };
		FAD0C4C92B67A6470052502C /* ModuleCard.swift in Sources */ = {isa = PBXBuildFile; fileRef = FAD0C4C72B67A6470052502C /* ModuleCard.swift */; };
		FAD0C4CB2B67A6B90052502C /* Module.swift in Sources */ = {isa = PBXBuildFile; fileRef = FAD0C4CA2B67A6B90052502C /* Module.swift */; };
		FAD0C4CD2B67A74B0052502C /* OurStory.swift in Sources */ = {isa = PBXBuildFile; fileRef = FAD0C4CC2B67A74B0052502C /* OurStory.swift */; };
		FAD0C4CF2B67A8630052502C /* AboutUs.swift in Sources */ = {isa = PBXBuildFile; fileRef = FAD0C4CE2B67A8630052502C /* AboutUs.swift */; };
		FAD0C4D12B67A9500052502C /* MonsterToggle.swift in Sources */ = {isa = PBXBuildFile; fileRef = FAD0C4D02B67A9500052502C /* MonsterToggle.swift */; };
		FAD0C4D32B67AA0D0052502C /* SettingsButton.swift in Sources */ = {isa = PBXBuildFile; fileRef = FAD0C4D22B67AA0D0052502C /* SettingsButton.swift */; };
		FAD0C4D52B67AE130052502C /* MonsterModule.swift in Sources */ = {isa = PBXBuildFile; fileRef = FAD0C4D42B67AE130052502C /* MonsterModule.swift */; };
		FAD0C4D72B67AF3F0052502C /* AboutUsModule.swift in Sources */ = {isa = PBXBuildFile; fileRef = FAD0C4D62B67AF3F0052502C /* AboutUsModule.swift */; };
		FAD0C4DD2B67B4D40052502C /* TypeTextModifier.swift in Sources */ = {isa = PBXBuildFile; fileRef = FAD0C4DC2B67B4D40052502C /* TypeTextModifier.swift */; };
		FAD0C4DF2B6956C80052502C /* FadeInTextModifier.swift in Sources */ = {isa = PBXBuildFile; fileRef = FAD0C4DE2B6956C80052502C /* FadeInTextModifier.swift */; };
/* End PBXBuildFile section */

/* Begin PBXContainerItemProxy section */
		8ED492242B53DA1E00234453 /* PBXContainerItemProxy */ = {
			isa = PBXContainerItemProxy;
			containerPortal = 8ED492042B53DA1D00234453 /* Project object */;
			proxyType = 1;
			remoteGlobalIDString = 8ED4920B2B53DA1D00234453;
			remoteInfo = B2D;
		};
/* End PBXContainerItemProxy section */

/* Begin PBXFileReference section */
		8E6F2AE12B9B3A5500E8F027 /* MonsterView.swift */ = {isa = PBXFileReference; lastKnownFileType = sourcecode.swift; path = MonsterView.swift; sourceTree = "<group>"; };
		8EC9B2B32B5557C100487461 /* _01TimesSelectView.swift */ = {isa = PBXFileReference; lastKnownFileType = sourcecode.swift; path = _01TimesSelectView.swift; sourceTree = "<group>"; };
		8ED4920C2B53DA1D00234453 /* B2D.app */ = {isa = PBXFileReference; explicitFileType = wrapper.application; includeInIndex = 0; path = B2D.app; sourceTree = BUILT_PRODUCTS_DIR; };
		8ED492102B53DA1D00234453 /* RealityKitContent */ = {isa = PBXFileReference; lastKnownFileType = wrapper; path = RealityKitContent; sourceTree = "<group>"; };
		8ED492132B53DA1D00234453 /* B2DApp.swift */ = {isa = PBXFileReference; lastKnownFileType = sourcecode.swift; path = B2DApp.swift; sourceTree = "<group>"; };
		8ED492192B53DA1E00234453 /* Assets.xcassets */ = {isa = PBXFileReference; lastKnownFileType = folder.assetcatalog; path = Assets.xcassets; sourceTree = "<group>"; };
		8ED4921C2B53DA1E00234453 /* Preview Assets.xcassets */ = {isa = PBXFileReference; lastKnownFileType = folder.assetcatalog; path = "Preview Assets.xcassets"; sourceTree = "<group>"; };
		8ED4921E2B53DA1E00234453 /* Info.plist */ = {isa = PBXFileReference; lastKnownFileType = text.plist.xml; path = Info.plist; sourceTree = "<group>"; };
		8ED492232B53DA1E00234453 /* B2DTests.xctest */ = {isa = PBXFileReference; explicitFileType = wrapper.cfbundle; includeInIndex = 0; path = B2DTests.xctest; sourceTree = BUILT_PRODUCTS_DIR; };
		8ED492272B53DA1E00234453 /* B2DTests.swift */ = {isa = PBXFileReference; lastKnownFileType = sourcecode.swift; path = B2DTests.swift; sourceTree = "<group>"; };
		8ED492352B55120C00234453 /* ModelData.swift */ = {isa = PBXFileReference; lastKnownFileType = sourcecode.swift; path = ModelData.swift; sourceTree = "<group>"; };
		8ED492372B55132E00234453 /* Creature.swift */ = {isa = PBXFileReference; lastKnownFileType = sourcecode.swift; path = Creature.swift; sourceTree = "<group>"; };
		8ED492392B5513FC00234453 /* CreatureList.swift */ = {isa = PBXFileReference; lastKnownFileType = sourcecode.swift; path = CreatureList.swift; sourceTree = "<group>"; };
		8ED4923B2B55177A00234453 /* _02CreatureListView.swift */ = {isa = PBXFileReference; lastKnownFileType = sourcecode.swift; name = _02CreatureListView.swift; path = B2D/ModelData/_02CreatureListView.swift; sourceTree = SOURCE_ROOT; };
		8ED4923D2B55253800234453 /* b2dData.json */ = {isa = PBXFileReference; lastKnownFileType = text.json; path = b2dData.json; sourceTree = "<group>"; };
		FA18334B2B64F2C3009FDA30 /* AnimationTest.swift */ = {isa = PBXFileReference; lastKnownFileType = sourcecode.swift; path = AnimationTest.swift; sourceTree = "<group>"; };
		FA1833532B655B96009FDA30 /* ModelView.swift */ = {isa = PBXFileReference; lastKnownFileType = sourcecode.swift; path = ModelView.swift; sourceTree = "<group>"; };
		FA1833572B656014009FDA30 /* Button.swift */ = {isa = PBXFileReference; lastKnownFileType = sourcecode.swift; path = Button.swift; sourceTree = "<group>"; };
		FA5F211D2B5FF1AA00209FC9 /* shader.metal */ = {isa = PBXFileReference; lastKnownFileType = sourcecode.metal; path = shader.metal; sourceTree = "<group>"; };
		FA5F211F2B6001AF00209FC9 /* AnimatedBackground.swift */ = {isa = PBXFileReference; lastKnownFileType = sourcecode.swift; path = AnimatedBackground.swift; sourceTree = "<group>"; };
		FAD0C4A52B67729C0052502C /* ViewModel.swift */ = {isa = PBXFileReference; lastKnownFileType = sourcecode.swift; path = ViewModel.swift; sourceTree = "<group>"; };
		FAD0C4A82B6773140052502C /* MonsterEntity.swift */ = {isa = PBXFileReference; lastKnownFileType = sourcecode.swift; path = MonsterEntity.swift; sourceTree = "<group>"; };
		FAD0C4AB2B67749B0052502C /* Config.xcconfig */ = {isa = PBXFileReference; lastKnownFileType = text.xcconfig; path = Config.xcconfig; sourceTree = "<group>"; };
		FAD0C4AC2B6775460052502C /* Entity+Configuration.swift */ = {isa = PBXFileReference; lastKnownFileType = sourcecode.swift; path = "Entity+Configuration.swift"; sourceTree = "<group>"; };
		FAD0C4B52B677D7D0052502C /* MonsterControls.swift */ = {isa = PBXFileReference; lastKnownFileType = sourcecode.swift; path = MonsterControls.swift; sourceTree = "<group>"; };
		FAD0C4B82B677F1A0052502C /* Shadow.swift */ = {isa = PBXFileReference; lastKnownFileType = sourcecode.swift; path = Shadow.swift; sourceTree = "<group>"; };
		FAD0C4BA2B6784970052502C /* Monster.swift */ = {isa = PBXFileReference; lastKnownFileType = sourcecode.swift; path = Monster.swift; sourceTree = "<group>"; };
		FAD0C4C22B67A5DF0052502C /* Modules.swift */ = {isa = PBXFileReference; lastKnownFileType = sourcecode.swift; path = Modules.swift; sourceTree = "<group>"; };
		FAD0C4C42B67A6040052502C /* TableOfContents.swift */ = {isa = PBXFileReference; lastKnownFileType = sourcecode.swift; path = TableOfContents.swift; sourceTree = "<group>"; };
		FAD0C4C62B67A6470052502C /* ModuleDetail.swift */ = {isa = PBXFileReference; fileEncoding = 4; lastKnownFileType = sourcecode.swift; path = ModuleDetail.swift; sourceTree = "<group>"; };
		FAD0C4C72B67A6470052502C /* ModuleCard.swift */ = {isa = PBXFileReference; fileEncoding = 4; lastKnownFileType = sourcecode.swift; path = ModuleCard.swift; sourceTree = "<group>"; };
		FAD0C4CA2B67A6B90052502C /* Module.swift */ = {isa = PBXFileReference; fileEncoding = 4; lastKnownFileType = sourcecode.swift; path = Module.swift; sourceTree = "<group>"; };
		FAD0C4CC2B67A74B0052502C /* OurStory.swift */ = {isa = PBXFileReference; fileEncoding = 4; lastKnownFileType = sourcecode.swift; path = OurStory.swift; sourceTree = "<group>"; };
		FAD0C4CE2B67A8630052502C /* AboutUs.swift */ = {isa = PBXFileReference; fileEncoding = 4; lastKnownFileType = sourcecode.swift; path = AboutUs.swift; sourceTree = "<group>"; };
		FAD0C4D02B67A9500052502C /* MonsterToggle.swift */ = {isa = PBXFileReference; fileEncoding = 4; lastKnownFileType = sourcecode.swift; path = MonsterToggle.swift; sourceTree = "<group>"; };
		FAD0C4D22B67AA0D0052502C /* SettingsButton.swift */ = {isa = PBXFileReference; fileEncoding = 4; lastKnownFileType = sourcecode.swift; path = SettingsButton.swift; sourceTree = "<group>"; };
		FAD0C4D42B67AE130052502C /* MonsterModule.swift */ = {isa = PBXFileReference; fileEncoding = 4; lastKnownFileType = sourcecode.swift; path = MonsterModule.swift; sourceTree = "<group>"; };
		FAD0C4D62B67AF3F0052502C /* AboutUsModule.swift */ = {isa = PBXFileReference; fileEncoding = 4; lastKnownFileType = sourcecode.swift; path = AboutUsModule.swift; sourceTree = "<group>"; };
		FAD0C4DC2B67B4D40052502C /* TypeTextModifier.swift */ = {isa = PBXFileReference; fileEncoding = 4; lastKnownFileType = sourcecode.swift; path = TypeTextModifier.swift; sourceTree = "<group>"; };
		FAD0C4DE2B6956C80052502C /* FadeInTextModifier.swift */ = {isa = PBXFileReference; lastKnownFileType = sourcecode.swift; path = FadeInTextModifier.swift; sourceTree = "<group>"; };
/* End PBXFileReference section */

/* Begin PBXFrameworksBuildPhase section */
		8ED492092B53DA1D00234453 /* Frameworks */ = {
			isa = PBXFrameworksBuildPhase;
			buildActionMask = 2147483647;
			files = (
				8ED492122B53DA1D00234453 /* RealityKitContent in Frameworks */,
			);
			runOnlyForDeploymentPostprocessing = 0;
		};
		8ED492202B53DA1E00234453 /* Frameworks */ = {
			isa = PBXFrameworksBuildPhase;
			buildActionMask = 2147483647;
			files = (
			);
			runOnlyForDeploymentPostprocessing = 0;
		};
/* End PBXFrameworksBuildPhase section */

/* Begin PBXGroup section */
		8ED492032B53DA1D00234453 = {
			isa = PBXGroup;
			children = (
				8ED4920E2B53DA1D00234453 /* B2D */,
				8ED4920F2B53DA1D00234453 /* Packages */,
				FAD0C4AA2B6774590052502C /* Configuration */,
				8ED492262B53DA1E00234453 /* B2DTests */,
				8ED4920D2B53DA1D00234453 /* Products */,
			);
			sourceTree = "<group>";
		};
		8ED4920D2B53DA1D00234453 /* Products */ = {
			isa = PBXGroup;
			children = (
				8ED4920C2B53DA1D00234453 /* B2D.app */,
				8ED492232B53DA1E00234453 /* B2DTests.xctest */,
			);
			name = Products;
			sourceTree = "<group>";
		};
		8ED4920E2B53DA1D00234453 /* B2D */ = {
			isa = PBXGroup;
			children = (
				8ED492132B53DA1D00234453 /* B2DApp.swift */,
				FAD0C4C12B67A5D00052502C /* Modules */,
				FAD0C4B72B677F060052502C /* RealityViews */,
				FAD0C4B42B677D4F0052502C /* Monster */,
				FAD0C4B32B677CCD0052502C /* Settings */,
				FAD0C4A72B6772E50052502C /* Entities */,
				FAD0C4A42B67726B0052502C /* Model */,
				8ED492342B5511BF00234453 /* ModelData */,
				8ED492332B53F38200234453 /* 2D_UI */,
				FA1833562B655FFF009FDA30 /* Style */,
				FA1833552B655DAE009FDA30 /* Testfiles */,
				8ED492192B53DA1E00234453 /* Assets.xcassets */,
				8ED4921E2B53DA1E00234453 /* Info.plist */,
				8ED4923D2B55253800234453 /* b2dData.json */,
				8ED4921B2B53DA1E00234453 /* Preview Content */,
			);
			path = B2D;
			sourceTree = "<group>";
		};
		8ED4920F2B53DA1D00234453 /* Packages */ = {
			isa = PBXGroup;
			children = (
				8ED492102B53DA1D00234453 /* RealityKitContent */,
			);
			path = Packages;
			sourceTree = "<group>";
		};
		8ED4921B2B53DA1E00234453 /* Preview Content */ = {
			isa = PBXGroup;
			children = (
				8ED4921C2B53DA1E00234453 /* Preview Assets.xcassets */,
			);
			path = "Preview Content";
			sourceTree = "<group>";
		};
		8ED492262B53DA1E00234453 /* B2DTests */ = {
			isa = PBXGroup;
			children = (
				8ED492272B53DA1E00234453 /* B2DTests.swift */,
			);
			path = B2DTests;
			sourceTree = "<group>";
		};
		8ED492332B53F38200234453 /* 2D_UI */ = {
			isa = PBXGroup;
			children = (
				8EC9B2B32B5557C100487461 /* _01TimesSelectView.swift */,
				8ED4923B2B55177A00234453 /* _02CreatureListView.swift */,
			);
			path = 2D_UI;
			sourceTree = "<group>";
		};
		8ED492342B5511BF00234453 /* ModelData */ = {
			isa = PBXGroup;
			children = (
				8ED492352B55120C00234453 /* ModelData.swift */,
				8ED492372B55132E00234453 /* Creature.swift */,
				8ED492392B5513FC00234453 /* CreatureList.swift */,
			);
			path = ModelData;
			sourceTree = "<group>";
		};
		FA1833552B655DAE009FDA30 /* Testfiles */ = {
			isa = PBXGroup;
			children = (
				FA18334B2B64F2C3009FDA30 /* AnimationTest.swift */,
				FA1833532B655B96009FDA30 /* ModelView.swift */,
			);
			path = Testfiles;
			sourceTree = "<group>";
		};
		FA1833562B655FFF009FDA30 /* Style */ = {
			isa = PBXGroup;
			children = (
				FAD0C4DC2B67B4D40052502C /* TypeTextModifier.swift */,
				FA5F211D2B5FF1AA00209FC9 /* shader.metal */,
				FA5F211F2B6001AF00209FC9 /* AnimatedBackground.swift */,
				FA1833572B656014009FDA30 /* Button.swift */,
				FAD0C4DE2B6956C80052502C /* FadeInTextModifier.swift */,
			);
			path = Style;
			sourceTree = "<group>";
		};
		FAD0C4A42B67726B0052502C /* Model */ = {
			isa = PBXGroup;
			children = (
				FAD0C4CA2B67A6B90052502C /* Module.swift */,
				FAD0C4A52B67729C0052502C /* ViewModel.swift */,
			);
			path = Model;
			sourceTree = "<group>";
		};
		FAD0C4A72B6772E50052502C /* Entities */ = {
			isa = PBXGroup;
			children = (
				FAD0C4A82B6773140052502C /* MonsterEntity.swift */,
				FAD0C4AC2B6775460052502C /* Entity+Configuration.swift */,
			);
			path = Entities;
			sourceTree = "<group>";
		};
		FAD0C4AA2B6774590052502C /* Configuration */ = {
			isa = PBXGroup;
			children = (
				FAD0C4AB2B67749B0052502C /* Config.xcconfig */,
			);
			path = Configuration;
			sourceTree = "<group>";
		};
		FAD0C4B32B677CCD0052502C /* Settings */ = {
			isa = PBXGroup;
			children = (
				FAD0C4D22B67AA0D0052502C /* SettingsButton.swift */,
			);
			path = Settings;
			sourceTree = "<group>";
		};
		FAD0C4B42B677D4F0052502C /* Monster */ = {
			isa = PBXGroup;
			children = (
				FAD0C4B52B677D7D0052502C /* MonsterControls.swift */,
				FAD0C4BA2B6784970052502C /* Monster.swift */,
			);
			path = Monster;
			sourceTree = "<group>";
		};
		FAD0C4B72B677F060052502C /* RealityViews */ = {
			isa = PBXGroup;
			children = (
				FAD0C4B82B677F1A0052502C /* Shadow.swift */,
				8E6F2AE12B9B3A5500E8F027 /* MonsterView.swift */,
			);
			path = RealityViews;
			sourceTree = "<group>";
		};
		FAD0C4C12B67A5D00052502C /* Modules */ = {
			isa = PBXGroup;
			children = (
				FAD0C4D62B67AF3F0052502C /* AboutUsModule.swift */,
				FAD0C4D42B67AE130052502C /* MonsterModule.swift */,
				FAD0C4D02B67A9500052502C /* MonsterToggle.swift */,
				FAD0C4CE2B67A8630052502C /* AboutUs.swift */,
				FAD0C4CC2B67A74B0052502C /* OurStory.swift */,
				FAD0C4C72B67A6470052502C /* ModuleCard.swift */,
				FAD0C4C62B67A6470052502C /* ModuleDetail.swift */,
				FAD0C4C22B67A5DF0052502C /* Modules.swift */,
				FAD0C4C42B67A6040052502C /* TableOfContents.swift */,
			);
			path = Modules;
			sourceTree = "<group>";
		};
/* End PBXGroup section */

/* Begin PBXNativeTarget section */
		8ED4920B2B53DA1D00234453 /* B2D */ = {
			isa = PBXNativeTarget;
			buildConfigurationList = 8ED4922B2B53DA1E00234453 /* Build configuration list for PBXNativeTarget "B2D" */;
			buildPhases = (
				8ED492082B53DA1D00234453 /* Sources */,
				8ED492092B53DA1D00234453 /* Frameworks */,
				8ED4920A2B53DA1D00234453 /* Resources */,
			);
			buildRules = (
			);
			dependencies = (
			);
			name = B2D;
			packageProductDependencies = (
				8ED492112B53DA1D00234453 /* RealityKitContent */,
			);
			productName = B2D;
			productReference = 8ED4920C2B53DA1D00234453 /* B2D.app */;
			productType = "com.apple.product-type.application";
		};
		8ED492222B53DA1E00234453 /* B2DTests */ = {
			isa = PBXNativeTarget;
			buildConfigurationList = 8ED4922E2B53DA1E00234453 /* Build configuration list for PBXNativeTarget "B2DTests" */;
			buildPhases = (
				8ED4921F2B53DA1E00234453 /* Sources */,
				8ED492202B53DA1E00234453 /* Frameworks */,
				8ED492212B53DA1E00234453 /* Resources */,
			);
			buildRules = (
			);
			dependencies = (
				8ED492252B53DA1E00234453 /* PBXTargetDependency */,
			);
			name = B2DTests;
			productName = B2DTests;
			productReference = 8ED492232B53DA1E00234453 /* B2DTests.xctest */;
			productType = "com.apple.product-type.bundle.unit-test";
		};
/* End PBXNativeTarget section */

/* Begin PBXProject section */
		8ED492042B53DA1D00234453 /* Project object */ = {
			isa = PBXProject;
			attributes = {
				BuildIndependentTargetsInParallel = 1;
				LastSwiftUpdateCheck = 1520;
				LastUpgradeCheck = 1520;
				TargetAttributes = {
					8ED4920B2B53DA1D00234453 = {
						CreatedOnToolsVersion = 15.2;
					};
					8ED492222B53DA1E00234453 = {
						CreatedOnToolsVersion = 15.2;
						TestTargetID = 8ED4920B2B53DA1D00234453;
					};
				};
			};
			buildConfigurationList = 8ED492072B53DA1D00234453 /* Build configuration list for PBXProject "B2D" */;
			compatibilityVersion = "Xcode 15.0";
			developmentRegion = en;
			hasScannedForEncodings = 0;
			knownRegions = (
				en,
				Base,
			);
			mainGroup = 8ED492032B53DA1D00234453;
			productRefGroup = 8ED4920D2B53DA1D00234453 /* Products */;
			projectDirPath = "";
			projectRoot = "";
			targets = (
				8ED4920B2B53DA1D00234453 /* B2D */,
				8ED492222B53DA1E00234453 /* B2DTests */,
			);
		};
/* End PBXProject section */

/* Begin PBXResourcesBuildPhase section */
		8ED4920A2B53DA1D00234453 /* Resources */ = {
			isa = PBXResourcesBuildPhase;
			buildActionMask = 2147483647;
			files = (
				8ED4921D2B53DA1E00234453 /* Preview Assets.xcassets in Resources */,
				8EC9B2B52B555C0200487461 /* b2dData.json in Resources */,
				8ED4921A2B53DA1E00234453 /* Assets.xcassets in Resources */,
			);
			runOnlyForDeploymentPostprocessing = 0;
		};
		8ED492212B53DA1E00234453 /* Resources */ = {
			isa = PBXResourcesBuildPhase;
			buildActionMask = 2147483647;
			files = (
			);
			runOnlyForDeploymentPostprocessing = 0;
		};
/* End PBXResourcesBuildPhase section */

/* Begin PBXSourcesBuildPhase section */
		8ED492082B53DA1D00234453 /* Sources */ = {
			isa = PBXSourcesBuildPhase;
			buildActionMask = 2147483647;
			files = (
				FAD0C4B62B677D7D0052502C /* MonsterControls.swift in Sources */,
				FAD0C4CD2B67A74B0052502C /* OurStory.swift in Sources */,
				8ED4923C2B55177A00234453 /* _02CreatureListView.swift in Sources */,
				FAD0C4C92B67A6470052502C /* ModuleCard.swift in Sources */,
				8ED4923A2B5513FC00234453 /* CreatureList.swift in Sources */,
				FAD0C4C32B67A5DF0052502C /* Modules.swift in Sources */,
				FA18334C2B64F2C3009FDA30 /* AnimationTest.swift in Sources */,
				FAD0C4CB2B67A6B90052502C /* Module.swift in Sources */,
				FAD0C4CF2B67A8630052502C /* AboutUs.swift in Sources */,
				FAD0C4D72B67AF3F0052502C /* AboutUsModule.swift in Sources */,
				FAD0C4AD2B6775460052502C /* Entity+Configuration.swift in Sources */,
				FA5F211E2B5FF1AA00209FC9 /* shader.metal in Sources */,
				FAD0C4C82B67A6470052502C /* ModuleDetail.swift in Sources */,
				FAD0C4D32B67AA0D0052502C /* SettingsButton.swift in Sources */,
				FA1833582B656014009FDA30 /* Button.swift in Sources */,
				FAD0C4B92B677F1A0052502C /* Shadow.swift in Sources */,
				8ED492362B55120C00234453 /* ModelData.swift in Sources */,
				FA5F21202B6001AF00209FC9 /* AnimatedBackground.swift in Sources */,
				FAD0C4A62B67729C0052502C /* ViewModel.swift in Sources */,
				FA1833542B655B96009FDA30 /* ModelView.swift in Sources */,
				8ED492382B55132E00234453 /* Creature.swift in Sources */,
				FAD0C4C52B67A6040052502C /* TableOfContents.swift in Sources */,
				FAD0C4BB2B6784970052502C /* Monster.swift in Sources */,
				FAD0C4DD2B67B4D40052502C /* TypeTextModifier.swift in Sources */,
				FAD0C4A92B6773140052502C /* MonsterEntity.swift in Sources */,
				8ED492142B53DA1D00234453 /* B2DApp.swift in Sources */,
				8E6F2AE22B9B3A5600E8F027 /* MonsterView.swift in Sources */,
				FAD0C4D52B67AE130052502C /* MonsterModule.swift in Sources */,
				8EC9B2B42B5557C100487461 /* _01TimesSelectView.swift in Sources */,
				FAD0C4D12B67A9500052502C /* MonsterToggle.swift in Sources */,
				FAD0C4DF2B6956C80052502C /* FadeInTextModifier.swift in Sources */,
			);
			runOnlyForDeploymentPostprocessing = 0;
		};
		8ED4921F2B53DA1E00234453 /* Sources */ = {
			isa = PBXSourcesBuildPhase;
			buildActionMask = 2147483647;
			files = (
				8ED492282B53DA1E00234453 /* B2DTests.swift in Sources */,
			);
			runOnlyForDeploymentPostprocessing = 0;
		};
/* End PBXSourcesBuildPhase section */

/* Begin PBXTargetDependency section */
		8ED492252B53DA1E00234453 /* PBXTargetDependency */ = {
			isa = PBXTargetDependency;
			target = 8ED4920B2B53DA1D00234453 /* B2D */;
			targetProxy = 8ED492242B53DA1E00234453 /* PBXContainerItemProxy */;
		};
/* End PBXTargetDependency section */

/* Begin XCBuildConfiguration section */
		8ED492292B53DA1E00234453 /* Debug */ = {
			isa = XCBuildConfiguration;
			buildSettings = {
				ALWAYS_SEARCH_USER_PATHS = NO;
				ASSETCATALOG_COMPILER_GENERATE_SWIFT_ASSET_SYMBOL_EXTENSIONS = YES;
				CLANG_ANALYZER_NONNULL = YES;
				CLANG_ANALYZER_NUMBER_OBJECT_CONVERSION = YES_AGGRESSIVE;
				CLANG_CXX_LANGUAGE_STANDARD = "gnu++20";
				CLANG_ENABLE_MODULES = YES;
				CLANG_ENABLE_OBJC_ARC = YES;
				CLANG_ENABLE_OBJC_WEAK = YES;
				CLANG_WARN_BLOCK_CAPTURE_AUTORELEASING = YES;
				CLANG_WARN_BOOL_CONVERSION = YES;
				CLANG_WARN_COMMA = YES;
				CLANG_WARN_CONSTANT_CONVERSION = YES;
				CLANG_WARN_DEPRECATED_OBJC_IMPLEMENTATIONS = YES;
				CLANG_WARN_DIRECT_OBJC_ISA_USAGE = YES_ERROR;
				CLANG_WARN_DOCUMENTATION_COMMENTS = YES;
				CLANG_WARN_EMPTY_BODY = YES;
				CLANG_WARN_ENUM_CONVERSION = YES;
				CLANG_WARN_INFINITE_RECURSION = YES;
				CLANG_WARN_INT_CONVERSION = YES;
				CLANG_WARN_NON_LITERAL_NULL_CONVERSION = YES;
				CLANG_WARN_OBJC_IMPLICIT_RETAIN_SELF = YES;
				CLANG_WARN_OBJC_LITERAL_CONVERSION = YES;
				CLANG_WARN_OBJC_ROOT_CLASS = YES_ERROR;
				CLANG_WARN_QUOTED_INCLUDE_IN_FRAMEWORK_HEADER = YES;
				CLANG_WARN_RANGE_LOOP_ANALYSIS = YES;
				CLANG_WARN_STRICT_PROTOTYPES = YES;
				CLANG_WARN_SUSPICIOUS_MOVE = YES;
				CLANG_WARN_UNGUARDED_AVAILABILITY = YES_AGGRESSIVE;
				CLANG_WARN_UNREACHABLE_CODE = YES;
				CLANG_WARN__DUPLICATE_METHOD_MATCH = YES;
				COPY_PHASE_STRIP = NO;
				DEBUG_INFORMATION_FORMAT = dwarf;
				ENABLE_STRICT_OBJC_MSGSEND = YES;
				ENABLE_TESTABILITY = YES;
				ENABLE_USER_SCRIPT_SANDBOXING = YES;
				GCC_C_LANGUAGE_STANDARD = gnu17;
				GCC_DYNAMIC_NO_PIC = NO;
				GCC_NO_COMMON_BLOCKS = YES;
				GCC_OPTIMIZATION_LEVEL = 0;
				GCC_PREPROCESSOR_DEFINITIONS = (
					"DEBUG=1",
					"$(inherited)",
				);
				GCC_WARN_64_TO_32_BIT_CONVERSION = YES;
				GCC_WARN_ABOUT_RETURN_TYPE = YES_ERROR;
				GCC_WARN_UNDECLARED_SELECTOR = YES;
				GCC_WARN_UNINITIALIZED_AUTOS = YES_AGGRESSIVE;
				GCC_WARN_UNUSED_FUNCTION = YES;
				GCC_WARN_UNUSED_VARIABLE = YES;
				LOCALIZATION_PREFERS_STRING_CATALOGS = YES;
				MTL_ENABLE_DEBUG_INFO = INCLUDE_SOURCE;
				MTL_FAST_MATH = YES;
				ONLY_ACTIVE_ARCH = YES;
				SDKROOT = xros;
				SWIFT_ACTIVE_COMPILATION_CONDITIONS = "DEBUG $(inherited)";
				SWIFT_OPTIMIZATION_LEVEL = "-Onone";
				XROS_DEPLOYMENT_TARGET = 1.0;
			};
			name = Debug;
		};
		8ED4922A2B53DA1E00234453 /* Release */ = {
			isa = XCBuildConfiguration;
			buildSettings = {
				ALWAYS_SEARCH_USER_PATHS = NO;
				ASSETCATALOG_COMPILER_GENERATE_SWIFT_ASSET_SYMBOL_EXTENSIONS = YES;
				CLANG_ANALYZER_NONNULL = YES;
				CLANG_ANALYZER_NUMBER_OBJECT_CONVERSION = YES_AGGRESSIVE;
				CLANG_CXX_LANGUAGE_STANDARD = "gnu++20";
				CLANG_ENABLE_MODULES = YES;
				CLANG_ENABLE_OBJC_ARC = YES;
				CLANG_ENABLE_OBJC_WEAK = YES;
				CLANG_WARN_BLOCK_CAPTURE_AUTORELEASING = YES;
				CLANG_WARN_BOOL_CONVERSION = YES;
				CLANG_WARN_COMMA = YES;
				CLANG_WARN_CONSTANT_CONVERSION = YES;
				CLANG_WARN_DEPRECATED_OBJC_IMPLEMENTATIONS = YES;
				CLANG_WARN_DIRECT_OBJC_ISA_USAGE = YES_ERROR;
				CLANG_WARN_DOCUMENTATION_COMMENTS = YES;
				CLANG_WARN_EMPTY_BODY = YES;
				CLANG_WARN_ENUM_CONVERSION = YES;
				CLANG_WARN_INFINITE_RECURSION = YES;
				CLANG_WARN_INT_CONVERSION = YES;
				CLANG_WARN_NON_LITERAL_NULL_CONVERSION = YES;
				CLANG_WARN_OBJC_IMPLICIT_RETAIN_SELF = YES;
				CLANG_WARN_OBJC_LITERAL_CONVERSION = YES;
				CLANG_WARN_OBJC_ROOT_CLASS = YES_ERROR;
				CLANG_WARN_QUOTED_INCLUDE_IN_FRAMEWORK_HEADER = YES;
				CLANG_WARN_RANGE_LOOP_ANALYSIS = YES;
				CLANG_WARN_STRICT_PROTOTYPES = YES;
				CLANG_WARN_SUSPICIOUS_MOVE = YES;
				CLANG_WARN_UNGUARDED_AVAILABILITY = YES_AGGRESSIVE;
				CLANG_WARN_UNREACHABLE_CODE = YES;
				CLANG_WARN__DUPLICATE_METHOD_MATCH = YES;
				COPY_PHASE_STRIP = NO;
				DEBUG_INFORMATION_FORMAT = "dwarf-with-dsym";
				ENABLE_NS_ASSERTIONS = NO;
				ENABLE_STRICT_OBJC_MSGSEND = YES;
				ENABLE_USER_SCRIPT_SANDBOXING = YES;
				GCC_C_LANGUAGE_STANDARD = gnu17;
				GCC_NO_COMMON_BLOCKS = YES;
				GCC_WARN_64_TO_32_BIT_CONVERSION = YES;
				GCC_WARN_ABOUT_RETURN_TYPE = YES_ERROR;
				GCC_WARN_UNDECLARED_SELECTOR = YES;
				GCC_WARN_UNINITIALIZED_AUTOS = YES_AGGRESSIVE;
				GCC_WARN_UNUSED_FUNCTION = YES;
				GCC_WARN_UNUSED_VARIABLE = YES;
				LOCALIZATION_PREFERS_STRING_CATALOGS = YES;
				MTL_ENABLE_DEBUG_INFO = NO;
				MTL_FAST_MATH = YES;
				SDKROOT = xros;
				SWIFT_COMPILATION_MODE = wholemodule;
				VALIDATE_PRODUCT = YES;
				XROS_DEPLOYMENT_TARGET = 1.0;
			};
			name = Release;
		};
		8ED4922C2B53DA1E00234453 /* Debug */ = {
			isa = XCBuildConfiguration;
			buildSettings = {
				ASSETCATALOG_COMPILER_APPICON_NAME = AppIcon;
				ASSETCATALOG_COMPILER_GLOBAL_ACCENT_COLOR_NAME = AccentColor;
				CODE_SIGN_STYLE = Automatic;
				CURRENT_PROJECT_VERSION = 1;
				DEVELOPMENT_ASSET_PATHS = "\"B2D/Preview Content\"";
				DEVELOPMENT_TEAM = PT69WLF486;
				ENABLE_PREVIEWS = YES;
				GENERATE_INFOPLIST_FILE = YES;
				INFOPLIST_FILE = "$(TARGET_NAME)/Info.plist";
				LD_RUNPATH_SEARCH_PATHS = (
					"$(inherited)",
					"@executable_path/Frameworks",
				);
				MARKETING_VERSION = 1.0;
				PRODUCT_BUNDLE_IDENTIFIER = hey.B2D;
				PRODUCT_NAME = "$(TARGET_NAME)";
				SUPPORTED_PLATFORMS = "xros xrsimulator";
				SWIFT_EMIT_LOC_STRINGS = YES;
				SWIFT_VERSION = 5.0;
				TARGETED_DEVICE_FAMILY = "1,2,7";
			};
			name = Debug;
		};
		8ED4922D2B53DA1E00234453 /* Release */ = {
			isa = XCBuildConfiguration;
			buildSettings = {
				ASSETCATALOG_COMPILER_APPICON_NAME = AppIcon;
				ASSETCATALOG_COMPILER_GLOBAL_ACCENT_COLOR_NAME = AccentColor;
				CODE_SIGN_STYLE = Automatic;
				CURRENT_PROJECT_VERSION = 1;
				DEVELOPMENT_ASSET_PATHS = "\"B2D/Preview Content\"";
				DEVELOPMENT_TEAM = PT69WLF486;
				ENABLE_PREVIEWS = YES;
				GENERATE_INFOPLIST_FILE = YES;
				INFOPLIST_FILE = "$(TARGET_NAME)/Info.plist";
				LD_RUNPATH_SEARCH_PATHS = (
					"$(inherited)",
					"@executable_path/Frameworks",
				);
				MARKETING_VERSION = 1.0;
				PRODUCT_BUNDLE_IDENTIFIER = hey.B2D;
				PRODUCT_NAME = "$(TARGET_NAME)";
				SUPPORTED_PLATFORMS = "xros xrsimulator";
				SWIFT_EMIT_LOC_STRINGS = YES;
				SWIFT_VERSION = 5.0;
				TARGETED_DEVICE_FAMILY = "1,2,7";
			};
			name = Release;
		};
		8ED4922F2B53DA1E00234453 /* Debug */ = {
			isa = XCBuildConfiguration;
			buildSettings = {
				ALWAYS_EMBED_SWIFT_STANDARD_LIBRARIES = YES;
				BUNDLE_LOADER = "$(TEST_HOST)";
				CODE_SIGN_STYLE = Automatic;
				CURRENT_PROJECT_VERSION = 1;
				DEVELOPMENT_TEAM = PT69WLF486;
				GENERATE_INFOPLIST_FILE = YES;
				MARKETING_VERSION = 1.0;
				PRODUCT_BUNDLE_IDENTIFIER = hey.B2DTests;
				PRODUCT_NAME = "$(TARGET_NAME)";
				SUPPORTED_PLATFORMS = "xros xrsimulator";
				SWIFT_EMIT_LOC_STRINGS = NO;
				SWIFT_VERSION = 5.0;
				TARGETED_DEVICE_FAMILY = "1,2,7";
				TEST_HOST = "$(BUILT_PRODUCTS_DIR)/B2D.app/$(BUNDLE_EXECUTABLE_FOLDER_PATH)/B2D";
				XROS_DEPLOYMENT_TARGET = 1.0;
			};
			name = Debug;
		};
		8ED492302B53DA1E00234453 /* Release */ = {
			isa = XCBuildConfiguration;
			buildSettings = {
				ALWAYS_EMBED_SWIFT_STANDARD_LIBRARIES = YES;
				BUNDLE_LOADER = "$(TEST_HOST)";
				CODE_SIGN_STYLE = Automatic;
				CURRENT_PROJECT_VERSION = 1;
				DEVELOPMENT_TEAM = PT69WLF486;
				GENERATE_INFOPLIST_FILE = YES;
				MARKETING_VERSION = 1.0;
				PRODUCT_BUNDLE_IDENTIFIER = hey.B2DTests;
				PRODUCT_NAME = "$(TARGET_NAME)";
				SUPPORTED_PLATFORMS = "xros xrsimulator";
				SWIFT_EMIT_LOC_STRINGS = NO;
				SWIFT_VERSION = 5.0;
				TARGETED_DEVICE_FAMILY = "1,2,7";
				TEST_HOST = "$(BUILT_PRODUCTS_DIR)/B2D.app/$(BUNDLE_EXECUTABLE_FOLDER_PATH)/B2D";
				XROS_DEPLOYMENT_TARGET = 1.0;
			};
			name = Release;
		};
/* End XCBuildConfiguration section */

/* Begin XCConfigurationList section */
		8ED492072B53DA1D00234453 /* Build configuration list for PBXProject "B2D" */ = {
			isa = XCConfigurationList;
			buildConfigurations = (
				8ED492292B53DA1E00234453 /* Debug */,
				8ED4922A2B53DA1E00234453 /* Release */,
			);
			defaultConfigurationIsVisible = 0;
			defaultConfigurationName = Release;
		};
		8ED4922B2B53DA1E00234453 /* Build configuration list for PBXNativeTarget "B2D" */ = {
			isa = XCConfigurationList;
			buildConfigurations = (
				8ED4922C2B53DA1E00234453 /* Debug */,
				8ED4922D2B53DA1E00234453 /* Release */,
			);
			defaultConfigurationIsVisible = 0;
			defaultConfigurationName = Release;
		};
		8ED4922E2B53DA1E00234453 /* Build configuration list for PBXNativeTarget "B2DTests" */ = {
			isa = XCConfigurationList;
			buildConfigurations = (
				8ED4922F2B53DA1E00234453 /* Debug */,
				8ED492302B53DA1E00234453 /* Release */,
			);
			defaultConfigurationIsVisible = 0;
			defaultConfigurationName = Release;
		};
/* End XCConfigurationList section */

/* Begin XCSwiftPackageProductDependency section */
		8ED492112B53DA1D00234453 /* RealityKitContent */ = {
			isa = XCSwiftPackageProductDependency;
			productName = RealityKitContent;
		};
/* End XCSwiftPackageProductDependency section */
	};
	rootObject = 8ED492042B53DA1D00234453 /* Project object */;
}
